Microsoft Visual Studio Solution File, Format Version 12.00
# Visual Studio Version 17
VisualStudioVersion = 17.5.2.0
MinimumVisualStudioVersion = 10.0.40219.1
Project("{FAE04EC0-301F-11D3-BF4B-00C04F79EFBC}") = "LibreriaAPI", "LibreriaAPI.csproj", "{8FF02601-BCE5-9869-7BEF-3BAE7C6528CC}"
EndProject
Global
	GlobalSection(SolutionConfigurationPlatforms) = preSolution
		Debug|Any CPU = Debug|Any CPU
		Release|Any CPU = Release|Any CPU
	EndGlobalSection
	GlobalSection(ProjectConfigurationPlatforms) = postSolution
		{8FF02601-BCE5-9869-7BEF-3BAE7C6528CC}.Debug|Any CPU.ActiveCfg = Debug|Any CPU
		{8FF02601-BCE5-9869-7BEF-3BAE7C6528CC}.Debug|Any CPU.Build.0 = Debug|Any CPU
		{8FF02601-BCE5-9869-7BEF-3BAE7C6528CC}.Release|Any CPU.ActiveCfg = Release|Any CPU
		{8FF02601-BCE5-9869-7BEF-3BAE7C6528CC}.Release|Any CPU.Build.0 = Release|Any CPU
	EndGlobalSection
	GlobalSection(SolutionProperties) = preSolution
		HideSolutionNode = FALSE
	EndGlobalSection
	GlobalSection(ExtensibilityGlobals) = postSolution
		SolutionGuid = {5112EB1E-E364-4B03-A8BB-E9397764A72C}
	EndGlobalSection
EndGlobal
